// !$*UTF8*$!
{
	archiveVersion = 1;
	classes = {
	};
	objectVersion = 46;
	objects = {

/* Begin PBXBuildFile section */
		89D1920CDDE6A1AED9012500 /* Pods_iOS_TaskBoard_test.framework in Frameworks */ = {isa = PBXBuildFile; fileRef = B24F261465709483FC027FE9 /* Pods_iOS_TaskBoard_test.framework */; };
		980E8CBD1D670F13008E6F4C /* AutoScrollScrollView.swift in Sources */ = {isa = PBXBuildFile; fileRef = 980E8CBC1D670F13008E6F4C /* AutoScrollScrollView.swift */; };
		980E8CBF1D6712A2008E6F4C /* TaskBoardCollectionView.swift in Sources */ = {isa = PBXBuildFile; fileRef = 980E8CBE1D6712A2008E6F4C /* TaskBoardCollectionView.swift */; };
		980E8CC11D6803E3008E6F4C /* TasksTableView.swift in Sources */ = {isa = PBXBuildFile; fileRef = 980E8CC01D6803E3008E6F4C /* TasksTableView.swift */; };
		980E8CC31D68051D008E6F4C /* AutoScrollManager.swift in Sources */ = {isa = PBXBuildFile; fileRef = 980E8CC21D68051D008E6F4C /* AutoScrollManager.swift */; };
		983D23991D619706004ED6A3 /* TaskListHeaderView.swift in Sources */ = {isa = PBXBuildFile; fileRef = 983D23981D619706004ED6A3 /* TaskListHeaderView.swift */; };
		983D239B1D619ABB004ED6A3 /* TaskListFooterView.swift in Sources */ = {isa = PBXBuildFile; fileRef = 983D239A1D619ABB004ED6A3 /* TaskListFooterView.swift */; };
		984086781D5B76FB005E8643 /* AppDelegate.swift in Sources */ = {isa = PBXBuildFile; fileRef = 984086771D5B76FB005E8643 /* AppDelegate.swift */; };
		9840867A1D5B76FB005E8643 /* TaskBoardViewController.swift in Sources */ = {isa = PBXBuildFile; fileRef = 984086791D5B76FB005E8643 /* TaskBoardViewController.swift */; };
		9840867D1D5B76FB005E8643 /* Main.storyboard in Resources */ = {isa = PBXBuildFile; fileRef = 9840867B1D5B76FB005E8643 /* Main.storyboard */; };
		9840867F1D5B76FB005E8643 /* Assets.xcassets in Resources */ = {isa = PBXBuildFile; fileRef = 9840867E1D5B76FB005E8643 /* Assets.xcassets */; };
		984086821D5B76FB005E8643 /* LaunchScreen.storyboard in Resources */ = {isa = PBXBuildFile; fileRef = 984086801D5B76FB005E8643 /* LaunchScreen.storyboard */; };
		986D25C91D603C25006071BB /* TasksCollectionViewCell.swift in Sources */ = {isa = PBXBuildFile; fileRef = 986D25C81D603C25006071BB /* TasksCollectionViewCell.swift */; };
		986D25CB1D603C5B006071BB /* TasksViewController.swift in Sources */ = {isa = PBXBuildFile; fileRef = 986D25CA1D603C5B006071BB /* TasksViewController.swift */; };
		986D25CD1D603DAE006071BB /* TaskTableViewCell.swift in Sources */ = {isa = PBXBuildFile; fileRef = 986D25CC1D603DAE006071BB /* TaskTableViewCell.swift */; };
		98A321CC1D71A1740002DBCE /* AddTaskListCollectionViewCell.swift in Sources */ = {isa = PBXBuildFile; fileRef = 98A321CB1D71A1740002DBCE /* AddTaskListCollectionViewCell.swift */; };
/* End PBXBuildFile section */

/* Begin PBXFileReference section */
		0C20AE70D0DE430F004B54F4 /* Pods-iOS_TaskBoard_test.debug.xcconfig */ = {isa = PBXFileReference; includeInIndex = 1; lastKnownFileType = text.xcconfig; name = "Pods-iOS_TaskBoard_test.debug.xcconfig"; path = "Pods/Target Support Files/Pods-iOS_TaskBoard_test/Pods-iOS_TaskBoard_test.debug.xcconfig"; sourceTree = "<group>"; };
		980E8CBC1D670F13008E6F4C /* AutoScrollScrollView.swift */ = {isa = PBXFileReference; fileEncoding = 4; lastKnownFileType = sourcecode.swift; path = AutoScrollScrollView.swift; sourceTree = "<group>"; };
		980E8CBE1D6712A2008E6F4C /* TaskBoardCollectionView.swift */ = {isa = PBXFileReference; fileEncoding = 4; lastKnownFileType = sourcecode.swift; name = TaskBoardCollectionView.swift; path = ../TaskBoardCollectionView.swift; sourceTree = "<group>"; };
		980E8CC01D6803E3008E6F4C /* TasksTableView.swift */ = {isa = PBXFileReference; fileEncoding = 4; lastKnownFileType = sourcecode.swift; path = TasksTableView.swift; sourceTree = "<group>"; };
		980E8CC21D68051D008E6F4C /* AutoScrollManager.swift */ = {isa = PBXFileReference; fileEncoding = 4; lastKnownFileType = sourcecode.swift; path = AutoScrollManager.swift; sourceTree = "<group>"; };
		983D23981D619706004ED6A3 /* TaskListHeaderView.swift */ = {isa = PBXFileReference; fileEncoding = 4; lastKnownFileType = sourcecode.swift; name = TaskListHeaderView.swift; path = ../TaskListHeaderView.swift; sourceTree = "<group>"; };
		983D239A1D619ABB004ED6A3 /* TaskListFooterView.swift */ = {isa = PBXFileReference; fileEncoding = 4; lastKnownFileType = sourcecode.swift; path = TaskListFooterView.swift; sourceTree = "<group>"; };
		984086741D5B76FB005E8643 /* iOS_TaskBoard_test.app */ = {isa = PBXFileReference; explicitFileType = wrapper.application; includeInIndex = 0; path = iOS_TaskBoard_test.app; sourceTree = BUILT_PRODUCTS_DIR; };
		984086771D5B76FB005E8643 /* AppDelegate.swift */ = {isa = PBXFileReference; lastKnownFileType = sourcecode.swift; path = AppDelegate.swift; sourceTree = "<group>"; };
		984086791D5B76FB005E8643 /* TaskBoardViewController.swift */ = {isa = PBXFileReference; lastKnownFileType = sourcecode.swift; path = TaskBoardViewController.swift; sourceTree = "<group>"; };
		9840867C1D5B76FB005E8643 /* Base */ = {isa = PBXFileReference; lastKnownFileType = file.storyboard; name = Base; path = Base.lproj/Main.storyboard; sourceTree = "<group>"; };
		9840867E1D5B76FB005E8643 /* Assets.xcassets */ = {isa = PBXFileReference; lastKnownFileType = folder.assetcatalog; path = Assets.xcassets; sourceTree = "<group>"; };
		984086811D5B76FB005E8643 /* Base */ = {isa = PBXFileReference; lastKnownFileType = file.storyboard; name = Base; path = Base.lproj/LaunchScreen.storyboard; sourceTree = "<group>"; };
		984086831D5B76FB005E8643 /* Info.plist */ = {isa = PBXFileReference; lastKnownFileType = text.plist.xml; path = Info.plist; sourceTree = "<group>"; };
		986D25C81D603C25006071BB /* TasksCollectionViewCell.swift */ = {isa = PBXFileReference; fileEncoding = 4; lastKnownFileType = sourcecode.swift; path = TasksCollectionViewCell.swift; sourceTree = "<group>"; };
		986D25CA1D603C5B006071BB /* TasksViewController.swift */ = {isa = PBXFileReference; fileEncoding = 4; lastKnownFileType = sourcecode.swift; path = TasksViewController.swift; sourceTree = "<group>"; };
		986D25CC1D603DAE006071BB /* TaskTableViewCell.swift */ = {isa = PBXFileReference; fileEncoding = 4; lastKnownFileType = sourcecode.swift; path = TaskTableViewCell.swift; sourceTree = "<group>"; };
		98A321CB1D71A1740002DBCE /* AddTaskListCollectionViewCell.swift */ = {isa = PBXFileReference; fileEncoding = 4; lastKnownFileType = sourcecode.swift; path = AddTaskListCollectionViewCell.swift; sourceTree = "<group>"; };
		B24F261465709483FC027FE9 /* Pods_iOS_TaskBoard_test.framework */ = {isa = PBXFileReference; explicitFileType = wrapper.framework; includeInIndex = 0; path = Pods_iOS_TaskBoard_test.framework; sourceTree = BUILT_PRODUCTS_DIR; };
		F87FF1CB255A930C8302F742 /* Pods-iOS_TaskBoard_test.release.xcconfig */ = {isa = PBXFileReference; includeInIndex = 1; lastKnownFileType = text.xcconfig; name = "Pods-iOS_TaskBoard_test.release.xcconfig"; path = "Pods/Target Support Files/Pods-iOS_TaskBoard_test/Pods-iOS_TaskBoard_test.release.xcconfig"; sourceTree = "<group>"; };
/* End PBXFileReference section */

/* Begin PBXFrameworksBuildPhase section */
		984086711D5B76FB005E8643 /* Frameworks */ = {
			isa = PBXFrameworksBuildPhase;
			buildActionMask = 2147483647;
			files = (
				89D1920CDDE6A1AED9012500 /* Pods_iOS_TaskBoard_test.framework in Frameworks */,
			);
			runOnlyForDeploymentPostprocessing = 0;
		};
/* End PBXFrameworksBuildPhase section */

/* Begin PBXGroup section */
		980E8CC41D682BFD008E6F4C /* View */ = {
			isa = PBXGroup;
			children = (
				980E8CBE1D6712A2008E6F4C /* TaskBoardCollectionView.swift */,
				986D25C81D603C25006071BB /* TasksCollectionViewCell.swift */,
				980E8CC01D6803E3008E6F4C /* TasksTableView.swift */,
				986D25CC1D603DAE006071BB /* TaskTableViewCell.swift */,
				983D23981D619706004ED6A3 /* TaskListHeaderView.swift */,
				983D239A1D619ABB004ED6A3 /* TaskListFooterView.swift */,
				98A321CB1D71A1740002DBCE /* AddTaskListCollectionViewCell.swift */,
			);
			name = View;
			sourceTree = "<group>";
		};
		9840866B1D5B76FB005E8643 = {
			isa = PBXGroup;
			children = (
				984086761D5B76FB005E8643 /* iOS_TaskBoard_test */,
				984086751D5B76FB005E8643 /* Products */,
				A34663C9E71E9C938CB01AA2 /* Pods */,
				D95448C081A2C95063C6BDD1 /* Frameworks */,
			);
			sourceTree = "<group>";
		};
		984086751D5B76FB005E8643 /* Products */ = {
			isa = PBXGroup;
			children = (
				984086741D5B76FB005E8643 /* iOS_TaskBoard_test.app */,
			);
			name = Products;
			sourceTree = "<group>";
		};
		984086761D5B76FB005E8643 /* iOS_TaskBoard_test */ = {
			isa = PBXGroup;
			children = (
				980E8CC41D682BFD008E6F4C /* View */,
				980E8CC21D68051D008E6F4C /* AutoScrollManager.swift */,
				980E8CBC1D670F13008E6F4C /* AutoScrollScrollView.swift */,
				984086791D5B76FB005E8643 /* TaskBoardViewController.swift */,
				986D25CA1D603C5B006071BB /* TasksViewController.swift */,
				9840867B1D5B76FB005E8643 /* Main.storyboard */,
				9840867E1D5B76FB005E8643 /* Assets.xcassets */,
				984086801D5B76FB005E8643 /* LaunchScreen.storyboard */,
				984086831D5B76FB005E8643 /* Info.plist */,
				984086771D5B76FB005E8643 /* AppDelegate.swift */,
			);
			path = iOS_TaskBoard_test;
			sourceTree = "<group>";
		};
		A34663C9E71E9C938CB01AA2 /* Pods */ = {
			isa = PBXGroup;
			children = (
				0C20AE70D0DE430F004B54F4 /* Pods-iOS_TaskBoard_test.debug.xcconfig */,
				F87FF1CB255A930C8302F742 /* Pods-iOS_TaskBoard_test.release.xcconfig */,
			);
			name = Pods;
			sourceTree = "<group>";
		};
		D95448C081A2C95063C6BDD1 /* Frameworks */ = {
			isa = PBXGroup;
			children = (
				B24F261465709483FC027FE9 /* Pods_iOS_TaskBoard_test.framework */,
			);
			name = Frameworks;
			sourceTree = "<group>";
		};
/* End PBXGroup section */

/* Begin PBXNativeTarget section */
		984086731D5B76FB005E8643 /* iOS_TaskBoard_test */ = {
			isa = PBXNativeTarget;
			buildConfigurationList = 984086861D5B76FB005E8643 /* Build configuration list for PBXNativeTarget "iOS_TaskBoard_test" */;
			buildPhases = (
				C16E12E6CBB591A06FA58EE0 /* Check Pods Manifest.lock */,
				984086701D5B76FB005E8643 /* Sources */,
				984086711D5B76FB005E8643 /* Frameworks */,
				984086721D5B76FB005E8643 /* Resources */,
				FA273EA939BF59C4AF0331ED /* Embed Pods Frameworks */,
				B24CA35362DCE79F8A7EA66A /* Copy Pods Resources */,
			);
			buildRules = (
			);
			dependencies = (
			);
			name = iOS_TaskBoard_test;
			productName = iOS_TaskBoard_test;
			productReference = 984086741D5B76FB005E8643 /* iOS_TaskBoard_test.app */;
			productType = "com.apple.product-type.application";
		};
/* End PBXNativeTarget section */

/* Begin PBXProject section */
		9840866C1D5B76FB005E8643 /* Project object */ = {
			isa = PBXProject;
			attributes = {
				LastSwiftUpdateCheck = 0730;
				LastUpgradeCheck = 0730;
				ORGANIZATIONNAME = Worktile;
				TargetAttributes = {
					984086731D5B76FB005E8643 = {
						CreatedOnToolsVersion = 7.3.1;
						DevelopmentTeam = GE35PAF7XQ;
					};
				};
			};
			buildConfigurationList = 9840866F1D5B76FB005E8643 /* Build configuration list for PBXProject "iOS_TaskBoard_test" */;
			compatibilityVersion = "Xcode 3.2";
			developmentRegion = English;
			hasScannedForEncodings = 0;
			knownRegions = (
				en,
				Base,
			);
			mainGroup = 9840866B1D5B76FB005E8643;
			productRefGroup = 984086751D5B76FB005E8643 /* Products */;
			projectDirPath = "";
			projectRoot = "";
			targets = (
				984086731D5B76FB005E8643 /* iOS_TaskBoard_test */,
			);
		};
/* End PBXProject section */

/* Begin PBXResourcesBuildPhase section */
		984086721D5B76FB005E8643 /* Resources */ = {
			isa = PBXResourcesBuildPhase;
			buildActionMask = 2147483647;
			files = (
				984086821D5B76FB005E8643 /* LaunchScreen.storyboard in Resources */,
				9840867F1D5B76FB005E8643 /* Assets.xcassets in Resources */,
				9840867D1D5B76FB005E8643 /* Main.storyboard in Resources */,
			);
			runOnlyForDeploymentPostprocessing = 0;
		};
/* End PBXResourcesBuildPhase section */

/* Begin PBXShellScriptBuildPhase section */
		B24CA35362DCE79F8A7EA66A /* Copy Pods Resources */ = {
			isa = PBXShellScriptBuildPhase;
			buildActionMask = 2147483647;
			files = (
			);
			inputPaths = (
			);
			name = "Copy Pods Resources";
			outputPaths = (
			);
			runOnlyForDeploymentPostprocessing = 0;
			shellPath = /bin/sh;
			shellScript = "\"${SRCROOT}/Pods/Target Support Files/Pods-iOS_TaskBoard_test/Pods-iOS_TaskBoard_test-resources.sh\"\n";
			showEnvVarsInLog = 0;
		};
		C16E12E6CBB591A06FA58EE0 /* Check Pods Manifest.lock */ = {
			isa = PBXShellScriptBuildPhase;
			buildActionMask = 2147483647;
			files = (
			);
			inputPaths = (
			);
			name = "Check Pods Manifest.lock";
			outputPaths = (
			);
			runOnlyForDeploymentPostprocessing = 0;
			shellPath = /bin/sh;
			shellScript = "diff \"${PODS_ROOT}/../Podfile.lock\" \"${PODS_ROOT}/Manifest.lock\" > /dev/null\nif [[ $? != 0 ]] ; then\n    cat << EOM\nerror: The sandbox is not in sync with the Podfile.lock. Run 'pod install' or update your CocoaPods installation.\nEOM\n    exit 1\nfi\n";
			showEnvVarsInLog = 0;
		};
		FA273EA939BF59C4AF0331ED /* Embed Pods Frameworks */ = {
			isa = PBXShellScriptBuildPhase;
			buildActionMask = 2147483647;
			files = (
			);
			inputPaths = (
			);
			name = "Embed Pods Frameworks";
			outputPaths = (
			);
			runOnlyForDeploymentPostprocessing = 0;
			shellPath = /bin/sh;
			shellScript = "\"${SRCROOT}/Pods/Target Support Files/Pods-iOS_TaskBoard_test/Pods-iOS_TaskBoard_test-frameworks.sh\"\n";
			showEnvVarsInLog = 0;
		};
/* End PBXShellScriptBuildPhase section */

/* Begin PBXSourcesBuildPhase section */
		984086701D5B76FB005E8643 /* Sources */ = {
			isa = PBXSourcesBuildPhase;
			buildActionMask = 2147483647;
			files = (
				980E8CC11D6803E3008E6F4C /* TasksTableView.swift in Sources */,
				9840867A1D5B76FB005E8643 /* TaskBoardViewController.swift in Sources */,
				980E8CBF1D6712A2008E6F4C /* TaskBoardCollectionView.swift in Sources */,
				983D239B1D619ABB004ED6A3 /* TaskListFooterView.swift in Sources */,
				986D25CB1D603C5B006071BB /* TasksViewController.swift in Sources */,
				986D25CD1D603DAE006071BB /* TaskTableViewCell.swift in Sources */,
				986D25C91D603C25006071BB /* TasksCollectionViewCell.swift in Sources */,
				980E8CBD1D670F13008E6F4C /* AutoScrollScrollView.swift in Sources */,
				983D23991D619706004ED6A3 /* TaskListHeaderView.swift in Sources */,
				98A321CC1D71A1740002DBCE /* AddTaskListCollectionViewCell.swift in Sources */,
				980E8CC31D68051D008E6F4C /* AutoScrollManager.swift in Sources */,
				984086781D5B76FB005E8643 /* AppDelegate.swift in Sources */,
			);
			runOnlyForDeploymentPostprocessing = 0;
		};
/* End PBXSourcesBuildPhase section */

/* Begin PBXVariantGroup section */
		9840867B1D5B76FB005E8643 /* Main.storyboard */ = {
			isa = PBXVariantGroup;
			children = (
				9840867C1D5B76FB005E8643 /* Base */,
			);
			name = Main.storyboard;
			sourceTree = "<group>";
		};
		984086801D5B76FB005E8643 /* LaunchScreen.storyboard */ = {
			isa = PBXVariantGroup;
			children = (
				984086811D5B76FB005E8643 /* Base */,
			);
			name = LaunchScreen.storyboard;
			sourceTree = "<group>";
		};
/* End PBXVariantGroup section */

/* Begin XCBuildConfiguration section */
		984086841D5B76FB005E8643 /* Debug */ = {
			isa = XCBuildConfiguration;
			buildSettings = {
				ALWAYS_SEARCH_USER_PATHS = NO;
				CLANG_ANALYZER_NONNULL = YES;
				CLANG_CXX_LANGUAGE_STANDARD = "gnu++0x";
				CLANG_CXX_LIBRARY = "libc++";
				CLANG_ENABLE_MODULES = YES;
				CLANG_ENABLE_OBJC_ARC = YES;
				CLANG_WARN_BOOL_CONVERSION = YES;
				CLANG_WARN_CONSTANT_CONVERSION = YES;
				CLANG_WARN_DIRECT_OBJC_ISA_USAGE = YES_ERROR;
				CLANG_WARN_EMPTY_BODY = YES;
				CLANG_WARN_ENUM_CONVERSION = YES;
				CLANG_WARN_INT_CONVERSION = YES;
				CLANG_WARN_OBJC_ROOT_CLASS = YES_ERROR;
				CLANG_WARN_UNREACHABLE_CODE = YES;
				CLANG_WARN__DUPLICATE_METHOD_MATCH = YES;
				"CODE_SIGN_IDENTITY[sdk=iphoneos*]" = "iPhone Developer";
				COPY_PHASE_STRIP = NO;
				DEBUG_INFORMATION_FORMAT = dwarf;
				ENABLE_STRICT_OBJC_MSGSEND = YES;
				ENABLE_TESTABILITY = YES;
				GCC_C_LANGUAGE_STANDARD = gnu99;
				GCC_DYNAMIC_NO_PIC = NO;
				GCC_NO_COMMON_BLOCKS = YES;
				GCC_OPTIMIZATION_LEVEL = 0;
				GCC_PREPROCESSOR_DEFINITIONS = (
					"DEBUG=1",
					"$(inherited)",
				);
				GCC_WARN_64_TO_32_BIT_CONVERSION = YES;
				GCC_WARN_ABOUT_RETURN_TYPE = YES_ERROR;
				GCC_WARN_UNDECLARED_SELECTOR = YES;
				GCC_WARN_UNINITIALIZED_AUTOS = YES_AGGRESSIVE;
				GCC_WARN_UNUSED_FUNCTION = YES;
				GCC_WARN_UNUSED_VARIABLE = YES;
				IPHONEOS_DEPLOYMENT_TARGET = 9.3;
				MTL_ENABLE_DEBUG_INFO = YES;
				ONLY_ACTIVE_ARCH = YES;
				SDKROOT = iphoneos;
				SWIFT_OPTIMIZATION_LEVEL = "-Onone";
				TARGETED_DEVICE_FAMILY = "1,2";
			};
			name = Debug;
		};
		984086851D5B76FB005E8643 /* Release */ = {
			isa = XCBuildConfiguration;
			buildSettings = {
				ALWAYS_SEARCH_USER_PATHS = NO;
				CLANG_ANALYZER_NONNULL = YES;
				CLANG_CXX_LANGUAGE_STANDARD = "gnu++0x";
				CLANG_CXX_LIBRARY = "libc++";
				CLANG_ENABLE_MODULES = YES;
				CLANG_ENABLE_OBJC_ARC = YES;
				CLANG_WARN_BOOL_CONVERSION = YES;
				CLANG_WARN_CONSTANT_CONVERSION = YES;
				CLANG_WARN_DIRECT_OBJC_ISA_USAGE = YES_ERROR;
				CLANG_WARN_EMPTY_BODY = YES;
				CLANG_WARN_ENUM_CONVERSION = YES;
				CLANG_WARN_INT_CONVERSION = YES;
				CLANG_WARN_OBJC_ROOT_CLASS = YES_ERROR;
				CLANG_WARN_UNREACHABLE_CODE = YES;
				CLANG_WARN__DUPLICATE_METHOD_MATCH = YES;
				"CODE_SIGN_IDENTITY[sdk=iphoneos*]" = "iPhone Developer";
				COPY_PHASE_STRIP = NO;
				DEBUG_INFORMATION_FORMAT = "dwarf-with-dsym";
				ENABLE_NS_ASSERTIONS = NO;
				ENABLE_STRICT_OBJC_MSGSEND = YES;
				GCC_C_LANGUAGE_STANDARD = gnu99;
				GCC_NO_COMMON_BLOCKS = YES;
				GCC_WARN_64_TO_32_BIT_CONVERSION = YES;
				GCC_WARN_ABOUT_RETURN_TYPE = YES_ERROR;
				GCC_WARN_UNDECLARED_SELECTOR = YES;
				GCC_WARN_UNINITIALIZED_AUTOS = YES_AGGRESSIVE;
				GCC_WARN_UNUSED_FUNCTION = YES;
				GCC_WARN_UNUSED_VARIABLE = YES;
				IPHONEOS_DEPLOYMENT_TARGET = 9.3;
				MTL_ENABLE_DEBUG_INFO = NO;
				SDKROOT = iphoneos;
				TARGETED_DEVICE_FAMILY = "1,2";
				VALIDATE_PRODUCT = YES;
			};
			name = Release;
		};
		984086871D5B76FB005E8643 /* Debug */ = {
			isa = XCBuildConfiguration;
			baseConfigurationReference = 0C20AE70D0DE430F004B54F4 /* Pods-iOS_TaskBoard_test.debug.xcconfig */;
			buildSettings = {
				ASSETCATALOG_COMPILER_APPICON_NAME = AppIcon;
				CLANG_ENABLE_MODULES = YES;
				CODE_SIGN_IDENTITY = "iPhone Developer";
				"CODE_SIGN_IDENTITY[sdk=iphoneos*]" = "iPhone Developer";
				INFOPLIST_FILE = iOS_TaskBoard_test/Info.plist;
				IPHONEOS_DEPLOYMENT_TARGET = 8.0;
				LD_RUNPATH_SEARCH_PATHS = "$(inherited) @executable_path/Frameworks";
				PRODUCT_BUNDLE_IDENTIFIER = "com.worktile.pro.iOS-TaskBoard-test";
				PRODUCT_NAME = "$(TARGET_NAME)";
				PROVISIONING_PROFILE = "";
				SWIFT_OBJC_BRIDGING_HEADER = "";
				SWIFT_OPTIMIZATION_LEVEL = "-Onone";
				TARGETED_DEVICE_FAMILY = "1,2";
			};
			name = Debug;
		};
		984086881D5B76FB005E8643 /* Release */ = {
			isa = XCBuildConfiguration;
			baseConfigurationReference = F87FF1CB255A930C8302F742 /* Pods-iOS_TaskBoard_test.release.xcconfig */;
			buildSettings = {
				ASSETCATALOG_COMPILER_APPICON_NAME = AppIcon;
				CLANG_ENABLE_MODULES = YES;
				CODE_SIGN_IDENTITY = "iPhone Developer";
				"CODE_SIGN_IDENTITY[sdk=iphoneos*]" = "iPhone Developer";
				INFOPLIST_FILE = iOS_TaskBoard_test/Info.plist;
				IPHONEOS_DEPLOYMENT_TARGET = 8.0;
				LD_RUNPATH_SEARCH_PATHS = "$(inherited) @executable_path/Frameworks";
				PRODUCT_BUNDLE_IDENTIFIER = "com.worktile.pro.iOS-TaskBoard-test";
				PRODUCT_NAME = "$(TARGET_NAME)";
				PROVISIONING_PROFILE = "";
				SWIFT_OBJC_BRIDGING_HEADER = "";
				TARGETED_DEVICE_FAMILY = "1,2";
			};
			name = Release;
		};
/* End XCBuildConfiguration section */

/* Begin XCConfigurationList section */
		9840866F1D5B76FB005E8643 /* Build configuration list for PBXProject "iOS_TaskBoard_test" */ = {
			isa = XCConfigurationList;
			buildConfigurations = (
				984086841D5B76FB005E8643 /* Debug */,
				984086851D5B76FB005E8643 /* Release */,
			);
			defaultConfigurationIsVisible = 0;
			defaultConfigurationName = Release;
		};
		984086861D5B76FB005E8643 /* Build configuration list for PBXNativeTarget "iOS_TaskBoard_test" */ = {
			isa = XCConfigurationList;
			buildConfigurations = (
				984086871D5B76FB005E8643 /* Debug */,
				984086881D5B76FB005E8643 /* Release */,
			);
			defaultConfigurationIsVisible = 0;
			defaultConfigurationName = Release;
		};
/* End XCConfigurationList section */
	};
	rootObject = 9840866C1D5B76FB005E8643 /* Project object */;
}
